
Microsoft Visual Studio Solution File, Format Version 12.00
# Visual Studio Version 17
VisualStudioVersion = 17.8.34408.163
MinimumVisualStudioVersion = 10.0.40219.1
Project("{9092AA53-FB77-4645-B42D-1CCCA6BD08BD}") = "preview-content", "preview-content.njsproj", "{C5C6EE1A-BD31-41B3-846C-0C400117E3A8}"
EndProject
Global
	GlobalSection(SolutionConfigurationPlatforms) = preSolution
		Debug|Any CPU = Debug|Any CPU
		Release|Any CPU = Release|Any CPU
	EndGlobalSection
	GlobalSection(ProjectConfigurationPlatforms) = postSolution
		{C5C6EE1A-BD31-41B3-846C-0C400117E3A8}.Debug|Any CPU.ActiveCfg = Debug|Any CPU
		{C5C6EE1A-BD31-41B3-846C-0C400117E3A8}.Debug|Any CPU.Build.0 = Debug|Any CPU
		{C5C6EE1A-BD31-41B3-846C-0C400117E3A8}.Release|Any CPU.ActiveCfg = Release|Any CPU
		{C5C6EE1A-BD31-41B3-846C-0C400117E3A8}.Release|Any CPU.Build.0 = Release|Any CPU
	EndGlobalSection
	GlobalSection(SolutionProperties) = preSolution
		HideSolutionNode = FALSE
	EndGlobalSection
	GlobalSection(ExtensibilityGlobals) = postSolution
		SolutionGuid = {0C772519-14FF-4B2A-AFB5-81D11D4D1084}
	EndGlobalSection
EndGlobal
